
Microsoft Visual Studio Solution File, Format Version 12.00
# Visual Studio Version 17
VisualStudioVersion = 17.12.35410.144
MinimumVisualStudioVersion = 10.0.40219.1
Project("{9A19103F-16F7-4668-BE54-9A1E7A4F7556}") = "FactoriesHH", "FactoriesHH\FactoriesHH.csproj", "{B4130996-757E-48F6-8A9E-7EDA203E0E1E}"
EndProject
Global
	GlobalSection(SolutionConfigurationPlatforms) = preSolution
		Debug|Any CPU = Debug|Any CPU
		Release|Any CPU = Release|Any CPU
	EndGlobalSection
	GlobalSection(ProjectConfigurationPlatforms) = postSolution
		{B4130996-757E-48F6-8A9E-7EDA203E0E1E}.Debug|Any CPU.ActiveCfg = Debug|Any CPU
		{B4130996-757E-48F6-8A9E-7EDA203E0E1E}.Debug|Any CPU.Build.0 = Debug|Any CPU
		{B4130996-757E-48F6-8A9E-7EDA203E0E1E}.Release|Any CPU.ActiveCfg = Release|Any CPU
		{B4130996-757E-48F6-8A9E-7EDA203E0E1E}.Release|Any CPU.Build.0 = Release|Any CPU
	EndGlobalSection
	GlobalSection(SolutionProperties) = preSolution
		HideSolutionNode = FALSE
	EndGlobalSection
	GlobalSection(ExtensibilityGlobals) = postSolution
		SolutionGuid = {FE6E370C-15CD-4227-B8CC-44811A2E8442}
	EndGlobalSection
EndGlobal
